# This lock file was generated by conda-lock (https://github.com/conda/conda-lock). DO NOT EDIT!
#
# A "lock file" contains a concrete list of package versions (with checksums) to be installed. Unlike
# e.g. `conda env create`, the resulting environment will not change as new package versions become
# available, unless you explicitly update the lock file.
#
# Install this environment as "YOURENV" with:
#     conda-lock install -n YOURENV conda-lock.yaml
# To update a single package to the latest version compatible with the version constraints in the source:
#     conda-lock lock  --lockfile conda-lock.yaml --update PACKAGE
# To re-solve the entire environment, e.g. after changing a version constraint in the source file:
#     conda-lock -f environment.yaml --lockfile conda-lock.yaml
version: 1
metadata:
  content_hash:
    linux-64: cfa908e7d6bcac6b4520c6c6ab16583e514bbec0ac144000dfb0a0b76821c4b6
  channels:
  - url: conda-forge
    used_env_vars: []
  - url: defaults
    used_env_vars: []
  platforms:
  - linux-64
  sources:
  - environment.yaml
package:
- name: _openmp_mutex
  version: '4.5'
  manager: conda
  platform: linux-64
  dependencies:
    __glibc: '>=2.17,<3.0.a0'
    libgomp: '>=7.5.0'
  url: https://conda.anaconda.org/conda-forge/linux-64/_openmp_mutex-4.5-20_gnu.conda
  hash:
    md5: a9f577daf3de00bca7c3c76c0ecbd1de
    sha256: 1dd3fffd892081df9726d7eb7e0dea6198962ba775bd88842135a4ddb4deb3c9
  category: main
  optional: false
- name: annotated-doc
  version: 0.0.5
  manager: conda
  platform: linux-64
  dependencies:
    python: '>=3.10'
  url: https://conda.anaconda.org/conda-forge/noarch/annotated-doc-0.0.5-pyhcf101f3_0.conda
  hash:
    md5: d68ec17cb915cab4642357417ec0a104
    sha256: a0a320c709fded9b5178108dedebf81a1f5a5d9c7720e3af50c1ab058dadd296
  category: main
  optional: false
- name: annotated-types
  version: 0.8.0
  manager: conda
  platform: linux-64
  dependencies:
    python: '>=3.10'
    typing-extensions: '>=4.0.0'
  url: https://conda.anaconda.org/conda-forge/noarch/annotated-types-0.8.0-pyhd8ed1ab_0.conda
  hash:
    md5: 108c928d2a8551832dbc762b535e90bb
    sha256: b8fcb994134d3918d1c64a9d62f4168ff85d5bfb89e698102fe4ed679fe0df24
  category: main
  optional: false
- name: anyio
  version: 4.14.2
  manager: conda
  platform: linux-64
  dependencies:
    exceptiongroup: '>=1.0.2'
    idna: '>=2.8'
    python: '>=3.10'
    typing_extensions: '>=4.5'
  url: https://conda.anaconda.org/conda-forge/noarch/anyio-4.14.2-pyhcf101f3_0.conda
  hash:
    md5: fb568fbae6908ba86a090a85a089d11f
    sha256: e36998c5e860e26b22e5dbcd5726dd0c4eabad949c84d383cad8512757bbf6a1
  category: main
  optional: false
- name: bzip2
  version: 1.0.8
  manager: conda
  platform: linux-64
  dependencies:
    __glibc: '>=2.17,<3.0.a0'
    libgcc: '>=14'
  url: https://conda.anaconda.org/conda-forge/linux-64/bzip2-1.0.8-hda65f42_9.conda
  hash:
    md5: d2ffd7602c02f2b316fd921d39876885
    sha256: 0b75d45f0bba3e95dc693336fa51f40ea28c980131fec438afb7ce6118ed05f6
  category: main
  optional: false
- name: ca-certificates
  version: 2026.7.22
  manager: conda
  platform: linux-64
  dependencies:
    __unix: ''
  url: https://conda.anaconda.org/conda-forge/noarch/ca-certificates-2026.7.22-hbd8a1cb_0.conda
  hash:
    md5: 0f51e2391ade309db462a55611263e9c
    sha256: 0a0544cf95f64394fe4959286f5c71f5444ad58feb0602e53becb27448d24da6
  category: main
  optional: false
- name: certifi
  version: 2026.7.22
  manager: conda
  platform: linux-64
  dependencies:
    python: '>=3.10'
  url: https://conda.anaconda.org/conda-forge/noarch/certifi-2026.7.22-pyhd8ed1ab_0.conda
  hash:
    md5: 37e13edbe3b48f1095a9d085ef9cd83b
    sha256: fb167de4388e64e52aa3907ed099afab944c1fa6e5f74b281a312dae1bcf7f3b
  category: main
  optional: false
- name: click
  version: 8.4.2
  manager: conda
  platform: linux-64
  dependencies:
    __unix: ''
    python: '>=3.10'
  url: https://conda.anaconda.org/conda-forge/noarch/click-8.4.2-pyhc90fa1f_0.conda
  hash:
    md5: 2c4bd6aeb90bb157456841c3270a0d92
    sha256: ccc4787f511964f9a1f2d2d2859c91c5d571fb60f7f09d4c4e092c9b7a94e671
  category: main
  optional: false
- name: colorama
  version: 0.4.6
  manager: conda
  platform: linux-64
  dependencies:
    python: '>=3.9'
  url: https://conda.anaconda.org/conda-forge/noarch/colorama-0.4.6-pyhd8ed1ab_1.conda
  hash:
    md5: 962b9857ee8e7018c22f2776ffa0b2d7
    sha256: ab29d57dc70786c1269633ba3dff20288b81664d3ff8d21af995742e2bb03287
  category: main
  optional: false
- name: dnspython
  version: 2.8.0
  manager: conda
  platform: linux-64
  dependencies:
    python: '>=3.10,<4.0.0'
    sniffio: ''
  url: https://conda.anaconda.org/conda-forge/noarch/dnspython-2.8.0-pyhcf101f3_0.conda
  hash:
    md5: d73fdc05f10693b518f52c994d748c19
    sha256: ef1e7b8405997ed3d6e2b6722bd7088d4a8adf215e7c88335582e65651fb4e05
  category: main
  optional: false
- name: email-validator
  version: 2.3.0
  manager: conda
  platform: linux-64
  dependencies:
    dnspython: '>=2.0.0'
    idna: '>=2.0.0'
    python: '>=3.10'
  url: https://conda.anaconda.org/conda-forge/noarch/email-validator-2.3.0-pyhd8ed1ab_0.conda
  hash:
    md5: 3bc0ac31178387e8ed34094d9481bfe8
    sha256: c37320864c35ef996b0e02e289df6ee89582d6c8e233e18dc9983375803c46bb
  category: main
  optional: false
- name: email_validator
  version: 2.3.0
  manager: conda
  platform: linux-64
  dependencies:
    email-validator: '>=2.3.0,<2.3.1.0a0'
  url: https://conda.anaconda.org/conda-forge/noarch/email_validator-2.3.0-hd8ed1ab_0.conda
  hash:
    md5: 2452e434747a6b742adc5045f2182a8e
    sha256: 6a518e00d040fcad016fb2dde29672aa3476cd9ae33ea5b7b257222e66037d89
  category: main
  optional: false
- name: exceptiongroup
  version: 1.3.1
  manager: conda
  platform: linux-64
  dependencies:
    python: '>=3.10'
    typing_extensions: '>=4.6.0'
  url: https://conda.anaconda.org/conda-forge/noarch/exceptiongroup-1.3.1-pyhd8ed1ab_0.conda
  hash:
    md5: 8e662bd460bda79b1ea39194e3c4c9ab
    sha256: ee6cf346d017d954255bbcbdb424cddea4d14e4ed7e9813e429db1d795d01144
  category: main
  optional: false
- name: fastapi
  version: 0.141.1
  manager: conda
  platform: linux-64
  dependencies:
    email_validator: ''
    fastapi-cli: ''
    fastapi-core: ==0.141.1
    fastar: ''
    httpx: ''
    jinja2: ''
    pydantic-extra-types: ''
    pydantic-settings: ''
    python-multipart: ''
    uvicorn-standard: ''
  url: https://conda.anaconda.org/conda-forge/noarch/fastapi-0.141.1-h76d476e_0.conda
  hash:
    md5: f17ba6ff4f4bd297242b084e798f2b98
    sha256: e02b67926bf38b65c05761914981939b9f06e252b5a06f4fe1e803c6ba0692a2
  category: main
  optional: false
- name: fastapi-cli
  version: 0.0.32
  manager: conda
  platform: linux-64
  dependencies:
    python: '>=3.10'
    rich-toolkit: '>=0.14.8'
    tomli: '>=2.0.0'
    typer: '>=0.16'
    uvicorn-standard: '>=0.15.0'
  url: https://conda.anaconda.org/conda-forge/noarch/fastapi-cli-0.0.32-pyhcf101f3_0.conda
  hash:
    md5: 873835dd2a01dd8844086f1cde2067ce
    sha256: 904e4b2abe0345ac9a51d2f64b716918ef3a9ad496252f8874864fb0ffbe8d31
  category: main
  optional: false
- name: fastapi-core
  version: 0.141.1
  manager: conda
  platform: linux-64
  dependencies:
    annotated-doc: '>=0.0.2'
    pydantic: '>=2.9.0'
    python: '>=3.10'
    starlette: '>=0.46.0'
    typing-inspection: '>=0.4.2'
    typing_extensions: '>=4.8.0'
  url: https://conda.anaconda.org/conda-forge/noarch/fastapi-core-0.141.1-pyhcf101f3_0.conda
  hash:
    md5: a81b247d4f26223a8cfe8b502f24f8a0
    sha256: c25dbc0fc05f8040bdab76c2d98cd5e43a7b96dc2d1a6aebe2dce10b864e211b
  category: main
  optional: false
- name: fastar
  version: 0.11.0
  manager: conda
  platform: linux-64
  dependencies:
    __glibc: '>=2.17,<3.0.a0'
    libgcc: '>=14'
    python: ''
    python_abi: 3.14.*
    zstd: '>=1.5.7,<1.6.0a0'
  url: https://conda.anaconda.org/conda-forge/linux-64/fastar-0.11.0-py314h0b738fb_0.conda
  hash:
    md5: 71e6f16831c3276a80373ba89f11a327
    sha256: 2d73e265b8b105a0b9f3eaf024c4564d39b3ac2a973c6c9a94ee3c0aa6777b85
  category: main
  optional: false
- name: h11
  version: 0.16.0
  manager: conda
  platform: linux-64
  dependencies:
    python: '>=3.10'
    typing_extensions: ''
  url: https://conda.anaconda.org/conda-forge/noarch/h11-0.16.0-pyhcf101f3_1.conda
  hash:
    md5: b8993c19b0c32a2f7b66cbb58ca27069
    sha256: 96cac6573fd35ae151f4d6979bab6fbc90cb6b1fb99054ba19eb075da9822fcb
  category: main
  optional: false
- name: h2
  version: 4.4.0
  manager: conda
  platform: linux-64
  dependencies:
    hpack: '>=4.2,<5'
    hyperframe: '>=6.1,<7'
    python: '>=3.10'
  url: https://conda.anaconda.org/conda-forge/noarch/h2-4.4.0-pyhcf101f3_0.conda
  hash:
    md5: aae3214aab65ae635fbb3cc455596a86
    sha256: 1bdffcb701cf1f4429733fc2e194995bab5ecc71073d84a434dcfb57049a4265
  category: main
  optional: false
- name: hpack
  version: 4.2.0
  manager: conda
  platform: linux-64
  dependencies:
    python: '>=3.10'
  url: https://conda.anaconda.org/conda-forge/noarch/hpack-4.2.0-pyhd8ed1ab_0.conda
  hash:
    md5: b395909221b9bd1df066e5930e18855b
    sha256: fdcea5d7cb314485d3907192ef024c704311548c5b0cbeb390cd1951051e29d2
  category: main
  optional: false
- name: httpcore
  version: 1.0.9
  manager: conda
  platform: linux-64
  dependencies:
    anyio: '>=4.0,<5.0'
    certifi: ''
    h11: '>=0.16'
    h2: '>=3,<5'
    python: '>=3.9'
    sniffio: 1.*
  url: https://conda.anaconda.org/conda-forge/noarch/httpcore-1.0.9-pyh29332c3_0.conda
  hash:
    md5: 4f14640d58e2cc0aa0819d9d8ba125bb
    sha256: 04d49cb3c42714ce533a8553986e1642d0549a05dc5cc48e0d43ff5be6679a5b
  category: main
  optional: false
- name: httptools
  version: 0.7.1
  manager: conda
  platform: linux-64
  dependencies:
    __glibc: '>=2.17,<3.0.a0'
    libgcc: '>=14'
    python: '>=3.14,<3.15.0a0'
    python_abi: 3.14.*
  url: https://conda.anaconda.org/conda-forge/linux-64/httptools-0.7.1-py314h5bd0f2a_1.conda
  hash:
    md5: 067a52c66f453b97771650bbb131e2b5
    sha256: 91bfdf1dad0fa57efc2404ca00f5fee8745ad9b56ec1d0df298fd2882ad39806
  category: main
  optional: false
- name: httpx
  version: 0.28.1
  manager: conda
  platform: linux-64
  dependencies:
    anyio: ''
    certifi: ''
    httpcore: 1.*
    idna: ''
    python: '>=3.9'
  url: https://conda.anaconda.org/conda-forge/noarch/httpx-0.28.1-pyhd8ed1ab_0.conda
  hash:
    md5: d6989ead454181f4f9bc987d3dc4e285
    sha256: cd0f1de3697b252df95f98383e9edb1d00386bfdd03fdf607fa42fe5fcb09950
  category: main
  optional: false
- name: hyperframe
  version: 6.1.0
  manager: conda
  platform: linux-64
  dependencies:
    python: '>=3.9'
  url: https://conda.anaconda.org/conda-forge/noarch/hyperframe-6.1.0-pyhd8ed1ab_0.conda
  hash:
    md5: 8e6923fc12f1fe8f8c4e5c9f343256ac
    sha256: 77af6f5fe8b62ca07d09ac60127a30d9069fdc3c68d6b256754d0ffb1f7779f8
  category: main
  optional: false
- name: icu
  version: '78.3'
  manager: conda
  platform: linux-64
  dependencies:
    __glibc: '>=2.17,<3.0.a0'
    libgcc: '>=14'
    libstdcxx: '>=14'
  url: https://conda.anaconda.org/conda-forge/linux-64/icu-78.3-h54a6638_2.conda
  hash:
    md5: 4ef4b977bb216a3001a3334696a80850
    sha256: d7c260b7e1cf22ce04d6ba8a86eabf4e6c50bc96a5c27fe2ecb32298af3e88eb
  category: main
  optional: false
- name: idna
  version: '3.18'
  manager: conda
  platform: linux-64
  dependencies:
    python: '>=3.10'
  url: https://conda.anaconda.org/conda-forge/noarch/idna-3.18-pyhcf101f3_0.conda
  hash:
    md5: 577b04680ae422adb86fc60d7b940659
    sha256: c75632ea624aa450a394f570749420c5a2e0997d0216bc29d5d45b0f39df0426
  category: main
  optional: false
- name: jinja2
  version: 3.1.6
  manager: conda
  platform: linux-64
  dependencies:
    markupsafe: '>=2.0'
    python: '>=3.10'
  url: https://conda.anaconda.org/conda-forge/noarch/jinja2-3.1.6-pyhcf101f3_1.conda
  hash:
    md5: 04558c96691bed63104678757beb4f8d
    sha256: fc9ca7348a4f25fed2079f2153ecdcf5f9cf2a0bc36c4172420ca09e1849df7b
  category: main
  optional: false
- name: ld_impl_linux-64
  version: 2.46.1
  manager: conda
  platform: linux-64
  dependencies:
    __glibc: '>=2.17,<3.0.a0'
    zstd: '>=1.5.7,<1.6.0a0'
  url: https://conda.anaconda.org/conda-forge/linux-64/ld_impl_linux-64-2.46.1-default_hbd61a6d_102.conda
  hash:
    md5: 449500f2c089da11c40f5c21312e3e07
    sha256: 27d83f1188cd19bcb7754a078b3fa7f4cfb8527f8eb2fde54dd01fc529d1adec
  category: main
  optional: false
- name: libexpat
  version: 2.8.1
  manager: conda
  platform: linux-64
  dependencies:
    __glibc: '>=2.17,<3.0.a0'
    libgcc: '>=14'
  url: https://conda.anaconda.org/conda-forge/linux-64/libexpat-2.8.1-hecca717_1.conda
  hash:
    md5: b24d3c612f71e7aa74158d92106318b2
    sha256: 16feffd9ddbbe5b718515d38ee376c685ba95491cd901244e24671d20b952a77
  category: main
  optional: false
- name: libffi
  version: 3.5.2
  manager: conda
  platform: linux-64
  dependencies:
    __glibc: '>=2.17,<3.0.a0'
    libgcc: '>=14'
  url: https://conda.anaconda.org/conda-forge/linux-64/libffi-3.5.2-h3435931_0.conda
  hash:
    md5: a360c33a5abe61c07959e449fa1453eb
    sha256: 31f19b6a88ce40ebc0d5a992c131f57d919f73c0b92cd1617a5bec83f6e961e6
  category: main
  optional: false
- name: libgcc
  version: 16.1.0
  manager: conda
  platform: linux-64
  dependencies:
    __glibc: '>=2.17,<3.0.a0'
    _openmp_mutex: '>=4.5'
  url: https://conda.anaconda.org/conda-forge/linux-64/libgcc-16.1.0-ha9f2e26_1.conda
  hash:
    md5: 5a7d954665c707c93311657cd779c705
    sha256: d5cb8475131c31680f8fd30512c418f373064e272e452063276a8fb14c9fa42f
  category: main
  optional: false
- name: libgomp
  version: 16.1.0
  manager: conda
  platform: linux-64
  dependencies:
    __glibc: '>=2.17,<3.0.a0'
  url: https://conda.anaconda.org/conda-forge/linux-64/libgomp-16.1.0-he0feb66_1.conda
  hash:
    md5: 88f2d91cb1533194c323534253094d23
    sha256: 62cb599ad0539d99386515326d9d5e8f51f75a60c69c2131b21df76edf35bd89
  category: main
  optional: false
- name: liblzma
  version: 5.8.3
  manager: conda
  platform: linux-64
  dependencies:
    __glibc: '>=2.17,<3.0.a0'
    libgcc: '>=14'
  url: https://conda.anaconda.org/conda-forge/linux-64/liblzma-5.8.3-hb03c661_0.conda
  hash:
    md5: b88d90cad08e6bc8ad540cb310a761fb
    sha256: ec30e52a3c1bf7d0425380a189d209a52baa03f22fb66dd3eb587acaa765bd6d
  category: main
  optional: false
- name: libmpdec
  version: 4.0.0
  manager: conda
  platform: linux-64
  dependencies:
    __glibc: '>=2.17,<3.0.a0'
    libgcc: '>=14'
  url: https://conda.anaconda.org/conda-forge/linux-64/libmpdec-4.0.0-hb03c661_1.conda
  hash:
    md5: 2c21e66f50753a083cbe6b80f38268fa
    sha256: fe171ed5cf5959993d43ff72de7596e8ac2853e9021dec0344e583734f1e0843
  category: main
  optional: false
- name: libsqlite
  version: 3.53.4
  manager: conda
  platform: linux-64
  dependencies:
    __glibc: '>=2.17,<3.0.a0'
    icu: '>=78.3,<79.0a0'
    libgcc: '>=14'
    libzlib: '>=1.3.2,<2.0a0'
  url: https://conda.anaconda.org/conda-forge/linux-64/libsqlite-3.53.4-hf4e2dac_0.conda
  hash:
    md5: df088a279cd5e6fd2790b4c196434da1
    sha256: 72023efc207fe681e26b65fc9d668062cf0b4f0eacf3431e6eb099b95c1f2efd
  category: main
  optional: false
- name: libstdcxx
  version: 16.1.0
  manager: conda
  platform: linux-64
  dependencies:
    __glibc: '>=2.17,<3.0.a0'
    libgcc: 16.1.0
  url: https://conda.anaconda.org/conda-forge/linux-64/libstdcxx-16.1.0-h934c35e_1.conda
  hash:
    md5: aed6cf89adc1e9b846e4367ac538e434
    sha256: 79721dd08aeb0ab9e773f1f9ef41cf4e6c17477e3d72319147619045bce05a09
  category: main
  optional: false
- name: libuuid
  version: 2.42.2
  manager: conda
  platform: linux-64
  dependencies:
    __glibc: '>=2.17,<3.0.a0'
    libgcc: '>=14'
  url: https://conda.anaconda.org/conda-forge/linux-64/libuuid-2.42.2-h5347b49_0.conda
  hash:
    md5: 01bb81d12c957de066ea7362007df642
    sha256: 9b1bdce27a7e31f7d241aeecff67a1f3101d52a2b1e33ccc2cdf2613072bf81f
  category: main
  optional: false
- name: libuv
  version: 1.52.1
  manager: conda
  platform: linux-64
  dependencies:
    __glibc: '>=2.17,<3.0.a0'
    libgcc: '>=14'
  url: https://conda.anaconda.org/conda-forge/linux-64/libuv-1.52.1-h280c20c_0.conda
  hash:
    md5: 4e33d49bf4fc853855a3b00643aa5484
    sha256: e28e4519223f78b3163599ca89c3f2d80bfb53e907e7fc74e806e60d1efa578b
  category: main
  optional: false
- name: libzlib
  version: 1.3.2
  manager: conda
  platform: linux-64
  dependencies:
    __glibc: '>=2.17,<3.0.a0'
  url: https://conda.anaconda.org/conda-forge/linux-64/libzlib-1.3.2-h25fd6f3_3.conda
  hash:
    md5: 0de0122d9570a8ab637c6b73db268389
    sha256: eb8a0db0aa570124f7d2a93d7c7f596e3390df5e047818d873baad32985fc736
  category: main
  optional: false
- name: markdown-it-py
  version: 4.2.0
  manager: conda
  platform: linux-64
  dependencies:
    mdurl: '>=0.1,<1'
    python: '>=3.10'
  url: https://conda.anaconda.org/conda-forge/noarch/markdown-it-py-4.2.0-pyhd8ed1ab_0.conda
  hash:
    md5: 6d03368f2b2b0a5fb6839df53b2eb5e0
    sha256: 0c4c35376fe920714390d46e4b8d31c876d65f18e1655899e0763ec25f2a902f
  category: main
  optional: false
- name: markupsafe
  version: 3.0.3
  manager: conda
  platform: linux-64
  dependencies:
    __glibc: '>=2.17,<3.0.a0'
    libgcc: '>=14'
    python: '>=3.14,<3.15.0a0'
    python_abi: 3.14.*
  url: https://conda.anaconda.org/conda-forge/linux-64/markupsafe-3.0.3-py314h67df5f8_1.conda
  hash:
    md5: 9a17c4307d23318476d7fbf0fedc0cde
    sha256: c279be85b59a62d5c52f5dd9a4cd43ebd08933809a8416c22c3131595607d4cf
  category: main
  optional: false
- name: mdurl
  version: 0.1.2
  manager: conda
  platform: linux-64
  dependencies:
    python: '>=3.9'
  url: https://conda.anaconda.org/conda-forge/noarch/mdurl-0.1.2-pyhd8ed1ab_1.conda
  hash:
    md5: 592132998493b3ff25fd7479396e8351
    sha256: 78c1bbe1723449c52b7a9df1af2ee5f005209f67e40b6e1d3c7619127c43b1c7
  category: main
  optional: false
- name: ncurses
  version: '6.6'
  manager: conda
  platform: linux-64
  dependencies:
    __glibc: '>=2.17,<3.0.a0'
    libgcc: '>=14'
  url: https://conda.anaconda.org/conda-forge/linux-64/ncurses-6.6-hdb14827_0.conda
  hash:
    md5: fc21868a1a5aacc937e7a18747acb8a5
    sha256: fc89f74bbe362fb29fa3c037697a89bec140b346a2469a90f7936d1d7ea4d8a3
  category: main
  optional: false
- name: openssl
  version: 3.6.3
  manager: conda
  platform: linux-64
  dependencies:
    __glibc: '>=2.17,<3.0.a0'
    ca-certificates: ''
    libgcc: '>=14'
  url: https://conda.anaconda.org/conda-forge/linux-64/openssl-3.6.3-h35e630c_0.conda
  hash:
    md5: 79dd2074b5cd5c5c6b2930514a11e22d
    sha256: d48f5c22b9897c01e4dff3680f1f57ceb02711ab9c62f74339b080419dfad34b
  category: main
  optional: false
- name: pydantic
  version: 2.13.4
  manager: conda
  platform: linux-64
  dependencies:
    annotated-types: '>=0.6.0'
    pydantic-core: 2.46.4
    python: '>=3.10'
    typing-inspection: '>=0.4.2'
    typing_extensions: '>=4.14.1'
  url: https://conda.anaconda.org/conda-forge/noarch/pydantic-2.13.4-pyhcf101f3_0.conda
  hash:
    md5: 729843edafc0899b3348bd3f19525b9d
    sha256: 69700e31165df070e9716315e042196aa92525dae5deb5107785847ab9f4189f
  category: main
  optional: false
- name: pydantic-core
  version: 2.46.4
  manager: conda
  platform: linux-64
  dependencies:
    __glibc: '>=2.17,<3.0.a0'
    libgcc: '>=14'
    python: ''
    python_abi: 3.14.*
    typing-extensions: '>=4.6.0,!=4.7.0'
  url: https://conda.anaconda.org/conda-forge/linux-64/pydantic-core-2.46.4-py314h2e6c369_0.conda
  hash:
    md5: 0c96993dbeadf3a277cf757b9f1c9412
    sha256: 802e216c39f1359aed60823b6e11d8ccd812b0ae1c81ae5ac1c81f99446409ab
  category: main
  optional: false
- name: pydantic-extra-types
  version: 2.11.1
  manager: conda
  platform: linux-64
  dependencies:
    pydantic: '>=2.5.2'
    python: '>=3.10'
  url: https://conda.anaconda.org/conda-forge/noarch/pydantic-extra-types-2.11.1-pyhcf101f3_0.conda
  hash:
    md5: 96513760035d70917819a2840155d23a
    sha256: 385a900cf5d1d39dafab6088537c58a32d572fd237d7c4598def92c4c1120cb8
  category: main
  optional: false
- name: pydantic-settings
  version: 2.14.2
  manager: conda
  platform: linux-64
  dependencies:
    pydantic: '>=2.7.0'
    python: '>=3.10'
    python-dotenv: '>=0.21.0'
    typing-inspection: '>=0.4.0'
  url: https://conda.anaconda.org/conda-forge/noarch/pydantic-settings-2.14.2-pyhcf101f3_0.conda
  hash:
    md5: a1c5305893d9956abd2079d377c5113f
    sha256: de1eb2cdb22a678387ec7757f10b7815c4c2a4d62f23b2a70fe4beff7e8a1fd4
  category: main
  optional: false
- name: pygments
  version: 2.20.0
  manager: conda
  platform: linux-64
  dependencies:
    python: '>=3.10'
  url: https://conda.anaconda.org/conda-forge/noarch/pygments-2.20.0-pyhd8ed1ab_0.conda
  hash:
    md5: 16c18772b340887160c79a6acc022db0
    sha256: cf70b2f5ad9ae472b71235e5c8a736c9316df3705746de419b59d442e8348e86
  category: main
  optional: false
- name: python
  version: 3.14.3
  manager: conda
  platform: linux-64
  dependencies:
    __glibc: '>=2.17,<3.0.a0'
    bzip2: '>=1.0.8,<2.0a0'
    ld_impl_linux-64: '>=2.36.1'
    libexpat: '>=2.7.3,<3.0a0'
    libffi: '>=3.5.2,<3.6.0a0'
    libgcc: '>=14'
    liblzma: '>=5.8.2,<6.0a0'
    libmpdec: '>=4.0.0,<5.0a0'
    libsqlite: '>=3.51.2,<4.0a0'
    libuuid: '>=2.41.3,<3.0a0'
    libzlib: '>=1.3.1,<2.0a0'
    ncurses: '>=6.5,<7.0a0'
    openssl: '>=3.5.5,<4.0a0'
    python_abi: 3.14.*
    readline: '>=8.3,<9.0a0'
    tk: '>=8.6.13,<8.7.0a0'
    tzdata: ''
    zstd: '>=1.5.7,<1.6.0a0'
  url: https://conda.anaconda.org/conda-forge/linux-64/python-3.14.3-h32b2ec7_101_cp314.conda
  hash:
    md5: c014ad06e60441661737121d3eae8a60
    sha256: cb0628c5f1732f889f53a877484da98f5a0e0f47326622671396fb4f2b0cd6bd
  category: main
  optional: false
- name: python-dotenv
  version: 1.2.2
  manager: conda
  platform: linux-64
  dependencies:
    python: '>=3.10'
  url: https://conda.anaconda.org/conda-forge/noarch/python-dotenv-1.2.2-pyhcf101f3_0.conda
  hash:
    md5: 130584ad9f3a513cdd71b1fdc1244e9c
    sha256: 74e417a768f59f02a242c25e7db0aa796627b5bc8c818863b57786072aeb85e5
  category: main
  optional: false
- name: python-multipart
  version: 0.0.32
  manager: conda
  platform: linux-64
  dependencies:
    python: '>=3.10'
  url: https://conda.anaconda.org/conda-forge/noarch/python-multipart-0.0.32-pyhcf101f3_0.conda
  hash:
    md5: f54d00b369042e8e0e235b1a1a817487
    sha256: 7dde902994a99993b616d597783fcd0ce3265a550feffbd0890b1329c9dff7e0
  category: main
  optional: false
- name: python_abi
  version: '3.14'
  manager: conda
  platform: linux-64
  dependencies: {}
  url: https://conda.anaconda.org/conda-forge/noarch/python_abi-3.14-8_cp314.conda
  hash:
    md5: 0539938c55b6b1a59b560e843ad864a4
    sha256: ad6d2e9ac39751cc0529dd1566a26751a0bf2542adb0c232533d32e176e21db5
  category: main
  optional: false
- name: pyyaml
  version: 6.0.3
  manager: conda
  platform: linux-64
  dependencies:
    __glibc: '>=2.17,<3.0.a0'
    libgcc: '>=14'
    python: '>=3.14,<3.15.0a0'
    python_abi: 3.14.*
    yaml: '>=0.2.5,<0.3.0a0'
  url: https://conda.anaconda.org/conda-forge/linux-64/pyyaml-6.0.3-py314h67df5f8_1.conda
  hash:
    md5: 2035f68f96be30dc60a5dfd7452c7941
    sha256: b318fb070c7a1f89980ef124b80a0b5ccf3928143708a85e0053cde0169c699d
  category: main
  optional: false
- name: readline
  version: '8.3'
  manager: conda
  platform: linux-64
  dependencies:
    __glibc: '>=2.17,<3.0.a0'
    libgcc: '>=14'
    ncurses: '>=6.5,<7.0a0'
  url: https://conda.anaconda.org/conda-forge/linux-64/readline-8.3-h853b02a_0.conda
  hash:
    md5: d7d95fc8287ea7bf33e0e7116d2b95ec
    sha256: 12ffde5a6f958e285aa22c191ca01bbd3d6e710aa852e00618fa6ddc59149002
  category: main
  optional: false
- name: rich
  version: 15.0.0
  manager: conda
  platform: linux-64
  dependencies:
    markdown-it-py: '>=2.2.0'
    pygments: '>=2.13.0,<3.0.0'
    python: '>=3.10'
    typing_extensions: '>=4.0.0,<5.0.0'
  url: https://conda.anaconda.org/conda-forge/noarch/rich-15.0.0-pyhcf101f3_0.conda
  hash:
    md5: 0242025a3c804966bf71aa04eee82f66
    sha256: 3d6ba2c0fcdac3196ba2f0615b4104e532525ffa1335b50a2878be5ff488814a
  category: main
  optional: false
- name: rich-toolkit
  version: 0.20.3
  manager: conda
  platform: linux-64
  dependencies:
    click: '>=8.1.7'
    python: '>=3.10'
    rich: '>=13.7.1'
    typing_extensions: '>=4.12.2'
  url: https://conda.anaconda.org/conda-forge/noarch/rich-toolkit-0.20.3-pyhcf101f3_0.conda
  hash:
    md5: 3296ee717391681ab734f0a01c89ac85
    sha256: 104fbf62487954552edb19ee8706a0d2c9383ff1e1e16ab31c6947d20d34a862
  category: main
  optional: false
- name: shellingham
  version: 1.5.4
  manager: conda
  platform: linux-64
  dependencies:
    python: '>=3.10'
  url: https://conda.anaconda.org/conda-forge/noarch/shellingham-1.5.4-pyhd8ed1ab_2.conda
  hash:
    md5: 83ea3a2ddb7a75c1b09cea582aa4f106
    sha256: 1d6534df8e7924d9087bd388fbac5bd868c5bf8971c36885f9f016da0657d22b
  category: main
  optional: false
- name: sniffio
  version: 1.3.1
  manager: conda
  platform: linux-64
  dependencies:
    python: '>=3.10'
  url: https://conda.anaconda.org/conda-forge/noarch/sniffio-1.3.1-pyhd8ed1ab_2.conda
  hash:
    md5: 03fe290994c5e4ec17293cfb6bdce520
    sha256: dce518f45e24cd03f401cb0616917773159a210c19d601c5f2d4e0e5879d30ad
  category: main
  optional: false
- name: starlette
  version: 1.3.1
  manager: conda
  platform: linux-64
  dependencies:
    anyio: '>=3.6.2,<5'
    python: '>=3.10'
    typing_extensions: '>=4.10.0'
  url: https://conda.anaconda.org/conda-forge/noarch/starlette-1.3.1-pyhcf101f3_0.conda
  hash:
    md5: bb8e15a6ef1a475545720fa2c29f19c4
    sha256: 17e3dc37c0ac9754b782e49285a3d8d223d372f7012d64a4f6ae371466cef143
  category: main
  optional: false
- name: tk
  version: 8.6.13
  manager: conda
  platform: linux-64
  dependencies:
    __glibc: '>=2.17,<3.0.a0'
    libgcc: '>=14'
    libzlib: '>=1.3.2,<2.0a0'
  url: https://conda.anaconda.org/conda-forge/linux-64/tk-8.6.13-noxft_hd70dff1_3.conda
  hash:
    md5: 48a1049e710857572fc2a832aa394d9f
    sha256: 43624eab22f5f29df7d6ffe914cf442f28fd559b55b290906255492826e636e8
  category: main
  optional: false
- name: tomli
  version: 2.4.1
  manager: conda
  platform: linux-64
  dependencies:
    python: '>=3.10'
  url: https://conda.anaconda.org/conda-forge/noarch/tomli-2.4.1-pyhcf101f3_0.conda
  hash:
    md5: b5325cf06a000c5b14970462ff5e4d58
    sha256: 91cafdb64268e43e0e10d30bd1bef5af392e69f00edd34dfaf909f69ab2da6bd
  category: main
  optional: false
- name: typer
  version: 0.27.0
  manager: conda
  platform: linux-64
  dependencies:
    annotated-doc: '>=0.0.2'
    colorama: ''
    python: '>=3.10'
    rich: '>=13.8.0'
    shellingham: '>=1.3.0'
  url: https://conda.anaconda.org/conda-forge/noarch/typer-0.27.0-pyhcf101f3_0.conda
  hash:
    md5: aa0ef00569728be93656de5f097fc81d
    sha256: f44984374b248c45f7e3d43a2cb0bf73d1441ecea07fb73198e89f643f6c5824
  category: main
  optional: false
- name: typing-extensions
  version: 4.16.0
  manager: conda
  platform: linux-64
  dependencies:
    typing_extensions: ==4.16.0
  url: https://conda.anaconda.org/conda-forge/noarch/typing-extensions-4.16.0-h69aa097_0.conda
  hash:
    md5: c680b5747e8c4c8f23dca0bb7042a8fc
    sha256: b141933ece3518f6d7b75dfb59451e2f26b405a44c18e2518a83e9a02e09315c
  category: main
  optional: false
- name: typing-inspection
  version: 0.4.2
  manager: conda
  platform: linux-64
  dependencies:
    python: '>=3.10'
    typing_extensions: '>=4.12.0'
  url: https://conda.anaconda.org/conda-forge/noarch/typing-inspection-0.4.2-pyhcf101f3_2.conda
  hash:
    md5: 53f5409c5cfd6c5a66417d68e3f0a864
    sha256: 8b90d2f19f9458b8c58a55e1fcdc1d90c1603a847a47654d8a454549413ba60a
  category: main
  optional: false
- name: typing_extensions
  version: 4.16.0
  manager: conda
  platform: linux-64
  dependencies:
    python: '>=3.10'
  url: https://conda.anaconda.org/conda-forge/noarch/typing_extensions-4.16.0-pyhcf101f3_0.conda
  hash:
    md5: c70ad746c22219b9700931707482992c
    sha256: 2d888f90af0686044882c74193ec80a90ec1943145d94a7b1b048958acda1848
  category: main
  optional: false
- name: tzdata
  version: 2026c
  manager: conda
  platform: linux-64
  dependencies: {}
  url: https://conda.anaconda.org/conda-forge/noarch/tzdata-2026c-h151e31d_0.conda
  hash:
    md5: fcb489df604d100968b737f2cb6076c6
    sha256: b928c30ddcb0e3f544c6eade8352737e6e610e263276b90232db6a578ef899d8
  category: main
  optional: false
- name: uvicorn
  version: 0.52.0
  manager: conda
  platform: linux-64
  dependencies:
    __unix: ''
    click: '>=7.0'
    h11: '>=0.8'
    python: '>=3.10'
    typing_extensions: '>=4.0'
  url: https://conda.anaconda.org/conda-forge/noarch/uvicorn-0.52.0-pyhc90fa1f_0.conda
  hash:
    md5: 29dea28adb4fe29b5d39909246ece255
    sha256: 6b0caf5b3e86d85ffbe1b3e510561a768c117a28c3eef7c6f14ccb070afd1300
  category: main
  optional: false
- name: uvicorn-standard
  version: 0.52.0
  manager: conda
  platform: linux-64
  dependencies:
    __unix: ''
    httptools: '>=0.6.3'
    python-dotenv: '>=0.13'
    pyyaml: '>=5.1'
    uvicorn: ==0.52.0
    uvloop: '>=0.15.1'
    watchfiles: '>=0.20'
    websockets: '>=10.4'
  url: https://conda.anaconda.org/conda-forge/noarch/uvicorn-standard-0.52.0-hc8d08bb_0.conda
  hash:
    md5: 33dab2cd3728a431e856a250f00eb8aa
    sha256: 1d20312c96572809e115e97d1f7f03a29efcaf027a98be1eb0e0736c8cd7cd5d
  category: main
  optional: false
- name: uvloop
  version: 0.22.1
  manager: conda
  platform: linux-64
  dependencies:
    __glibc: '>=2.17,<3.0.a0'
    libgcc: '>=14'
    libuv: '>=1.51.0,<2.0a0'
    python: '>=3.14,<3.15.0a0'
    python_abi: 3.14.*
  url: https://conda.anaconda.org/conda-forge/linux-64/uvloop-0.22.1-py314h5bd0f2a_1.conda
  hash:
    md5: 41f06d5cb2a80011c7da5a835721acdd
    sha256: ad3058ed67e1de5f9a73622a44a5c7a51af6a4527cf4881ae22b8bb6bd30bceb
  category: main
  optional: false
- name: watchfiles
  version: 1.2.0
  manager: conda
  platform: linux-64
  dependencies:
    __glibc: '>=2.17,<3.0.a0'
    anyio: '>=3.0.0'
    libgcc: '>=14'
    python: ''
    python_abi: 3.14.*
  url: https://conda.anaconda.org/conda-forge/linux-64/watchfiles-1.2.0-py314h1bee95f_1.conda
  hash:
    md5: 18dce090a0773324393c07048fdd6866
    sha256: 608e2de2bc61b3f271da82c30948074517c624c508ba5a7921ba742c0a4a013e
  category: main
  optional: false
- name: websockets
  version: 17.0.1
  manager: conda
  platform: linux-64
  dependencies:
    __glibc: '>=2.17,<3.0.a0'
    libgcc: '>=14'
    python: ''
    python_abi: 3.14.*
  url: https://conda.anaconda.org/conda-forge/linux-64/websockets-17.0.1-py314h518bba1_0.conda
  hash:
    md5: 399b4170029594ff7845022a519988fb
    sha256: c72d823ff108a0e0886ca5dc6a6d8c37effc5d02cf1c553138d607626a24f29f
  category: main
  optional: false
- name: yaml
  version: 0.2.5
  manager: conda
  platform: linux-64
  dependencies:
    __glibc: '>=2.17,<3.0.a0'
    libgcc: '>=14'
  url: https://conda.anaconda.org/conda-forge/linux-64/yaml-0.2.5-h280c20c_3.conda
  hash:
    md5: a77f85f77be52ff59391544bfe73390a
    sha256: 6d9ea2f731e284e9316d95fa61869fe7bbba33df7929f82693c121022810f4ad
  category: main
  optional: false
- name: zstd
  version: 1.5.7
  manager: conda
  platform: linux-64
  dependencies:
    __glibc: '>=2.17,<3.0.a0'
    libzlib: '>=1.3.1,<2.0a0'
  url: https://conda.anaconda.org/conda-forge/linux-64/zstd-1.5.7-hb78ec9c_6.conda
  hash:
    md5: 4a13eeac0b5c8e5b8ab496e6c4ddd829
    sha256: 68f0206ca6e98fea941e5717cec780ed2873ffabc0e1ed34428c061e2c6268c7
  category: main
  optional: false
